{
  "requires": true,
  "lockfileVersion": 1,
  "dependencies": {
    "@react-native-picker/picker": {
      "version": "1.9.11",
      "resolved": "https://registry.npmjs.org/@react-native-picker/picker/-/picker-1.9.11.tgz",
      "integrity": "sha512-E7whvvMIl9Ln1sxgug7OAEVWQ69n82iV0d2OWWp5VV52+RW3azKh1IFm4rxdW5/oByMfl7FFL0eHNelGgY4BMQ=="
    }
  }
}
